// !$*UTF8*$!
{
	archiveVersion = 1;
	classes = {
	};
	objectVersion = 56;
	objects = {

/* Begin PBXBuildFile section */
		8281A062298B1F1000E57073 /* CatFact.swift in Sources */ = {isa = PBXBuildFile; fileRef = 8281A061298B1F1000E57073 /* CatFact.swift */; };
		8281A065298C77BD00E57073 /* SplashView.swift in Sources */ = {isa = PBXBuildFile; fileRef = 8281A064298C77BD00E57073 /* SplashView.swift */; };
		828631292989F11E00D56889 /* KatFactsApp.swift in Sources */ = {isa = PBXBuildFile; fileRef = 828631282989F11E00D56889 /* KatFactsApp.swift */; };
		8286312B2989F11E00D56889 /* ContentView.swift in Sources */ = {isa = PBXBuildFile; fileRef = 8286312A2989F11E00D56889 /* ContentView.swift */; };
		8286312D2989F12000D56889 /* Assets.xcassets in Resources */ = {isa = PBXBuildFile; fileRef = 8286312C2989F12000D56889 /* Assets.xcassets */; };
		828631302989F12000D56889 /* Preview Assets.xcassets in Resources */ = {isa = PBXBuildFile; fileRef = 8286312F2989F12000D56889 /* Preview Assets.xcassets */; };
		8286313A2989F12000D56889 /* KatFactsTests.swift in Sources */ = {isa = PBXBuildFile; fileRef = 828631392989F12000D56889 /* KatFactsTests.swift */; };
		828631532989F40500D56889 /* KatView.swift in Sources */ = {isa = PBXBuildFile; fileRef = 828631522989F40500D56889 /* KatView.swift */; };
		828631572989F52500D56889 /* KatViewModel.swift in Sources */ = {isa = PBXBuildFile; fileRef = 828631562989F52500D56889 /* KatViewModel.swift */; };
		8286315A2989F6B100D56889 /* EndPoint.swift in Sources */ = {isa = PBXBuildFile; fileRef = 828631592989F6B100D56889 /* EndPoint.swift */; };
		8286315D298A2E7800D56889 /* KatServerClient.swift in Sources */ = {isa = PBXBuildFile; fileRef = 8286315C298A2E7800D56889 /* KatServerClient.swift */; };
/* End PBXBuildFile section */

/* Begin PBXContainerItemProxy section */
		828631362989F12000D56889 /* PBXContainerItemProxy */ = {
			isa = PBXContainerItemProxy;
			containerPortal = 8286311D2989F11E00D56889 /* Project object */;
			proxyType = 1;
			remoteGlobalIDString = 828631242989F11E00D56889;
			remoteInfo = KatFacts;
		};
		828631402989F12000D56889 /* PBXContainerItemProxy */ = {
			isa = PBXContainerItemProxy;
			containerPortal = 8286311D2989F11E00D56889 /* Project object */;
			proxyType = 1;
			remoteGlobalIDString = 828631242989F11E00D56889;
			remoteInfo = KatFacts;
		};
/* End PBXContainerItemProxy section */

/* Begin PBXFileReference section */
		8281A061298B1F1000E57073 /* CatFact.swift */ = {isa = PBXFileReference; lastKnownFileType = sourcecode.swift; path = CatFact.swift; sourceTree = "<group>"; };
		8281A063298B530C00E57073 /* Info.plist */ = {isa = PBXFileReference; lastKnownFileType = text.plist; path = Info.plist; sourceTree = "<group>"; };
		8281A064298C77BD00E57073 /* SplashView.swift */ = {isa = PBXFileReference; lastKnownFileType = sourcecode.swift; path = SplashView.swift; sourceTree = "<group>"; };
		8281A066298C826700E57073 /* README.md */ = {isa = PBXFileReference; lastKnownFileType = net.daringfireball.markdown; name = README.md; path = ../README.md; sourceTree = "<group>"; };
		828631252989F11E00D56889 /* KatFacts.app */ = {isa = PBXFileReference; explicitFileType = wrapper.application; includeInIndex = 0; path = KatFacts.app; sourceTree = BUILT_PRODUCTS_DIR; };
		828631282989F11E00D56889 /* KatFactsApp.swift */ = {isa = PBXFileReference; lastKnownFileType = sourcecode.swift; path = KatFactsApp.swift; sourceTree = "<group>"; };
		8286312A2989F11E00D56889 /* ContentView.swift */ = {isa = PBXFileReference; lastKnownFileType = sourcecode.swift; path = ContentView.swift; sourceTree = "<group>"; };
		8286312C2989F12000D56889 /* Assets.xcassets */ = {isa = PBXFileReference; lastKnownFileType = folder.assetcatalog; path = Assets.xcassets; sourceTree = "<group>"; };
		8286312F2989F12000D56889 /* Preview Assets.xcassets */ = {isa = PBXFileReference; lastKnownFileType = folder.assetcatalog; path = "Preview Assets.xcassets"; sourceTree = "<group>"; };
		828631352989F12000D56889 /* KatFactsTests.xctest */ = {isa = PBXFileReference; explicitFileType = wrapper.cfbundle; includeInIndex = 0; path = KatFactsTests.xctest; sourceTree = BUILT_PRODUCTS_DIR; };
		828631392989F12000D56889 /* KatFactsTests.swift */ = {isa = PBXFileReference; lastKnownFileType = sourcecode.swift; path = KatFactsTests.swift; sourceTree = "<group>"; };
		8286313F2989F12000D56889 /* KatFactsUITests.xctest */ = {isa = PBXFileReference; explicitFileType = wrapper.cfbundle; includeInIndex = 0; path = KatFactsUITests.xctest; sourceTree = BUILT_PRODUCTS_DIR; };
		828631522989F40500D56889 /* KatView.swift */ = {isa = PBXFileReference; lastKnownFileType = sourcecode.swift; path = KatView.swift; sourceTree = "<group>"; };
		828631562989F52500D56889 /* KatViewModel.swift */ = {isa = PBXFileReference; lastKnownFileType = sourcecode.swift; path = KatViewModel.swift; sourceTree = "<group>"; };
		828631592989F6B100D56889 /* EndPoint.swift */ = {isa = PBXFileReference; lastKnownFileType = sourcecode.swift; path = EndPoint.swift; sourceTree = "<group>"; };
		8286315C298A2E7800D56889 /* KatServerClient.swift */ = {isa = PBXFileReference; lastKnownFileType = sourcecode.swift; path = KatServerClient.swift; sourceTree = "<group>"; };
/* End PBXFileReference section */

/* Begin PBXFrameworksBuildPhase section */
		828631222989F11E00D56889 /* Frameworks */ = {
			isa = PBXFrameworksBuildPhase;
			buildActionMask = 2147483647;
			files = (
			);
			runOnlyForDeploymentPostprocessing = 0;
		};
		828631322989F12000D56889 /* Frameworks */ = {
			isa = PBXFrameworksBuildPhase;
			buildActionMask = 2147483647;
			files = (
			);
			runOnlyForDeploymentPostprocessing = 0;
		};
		8286313C2989F12000D56889 /* Frameworks */ = {
			isa = PBXFrameworksBuildPhase;
			buildActionMask = 2147483647;
			files = (
			);
			runOnlyForDeploymentPostprocessing = 0;
		};
/* End PBXFrameworksBuildPhase section */

/* Begin PBXGroup section */
		8286311C2989F11E00D56889 = {
			isa = PBXGroup;
			children = (
				8281A066298C826700E57073 /* README.md */,
				828631272989F11E00D56889 /* KatFacts */,
				828631382989F12000D56889 /* KatFactsTests */,
				828631262989F11E00D56889 /* Products */,
			);
			sourceTree = "<group>";
		};
		828631262989F11E00D56889 /* Products */ = {
			isa = PBXGroup;
			children = (
				828631252989F11E00D56889 /* KatFacts.app */,
				828631352989F12000D56889 /* KatFactsTests.xctest */,
				8286313F2989F12000D56889 /* KatFactsUITests.xctest */,
			);
			name = Products;
			sourceTree = "<group>";
		};
		828631272989F11E00D56889 /* KatFacts */ = {
			isa = PBXGroup;
			children = (
				8281A063298B530C00E57073 /* Info.plist */,
				8286315B2989F85B00D56889 /* Model */,
				828631582989F68000D56889 /* Services */,
				828631542989F41100D56889 /* Views */,
				828631282989F11E00D56889 /* KatFactsApp.swift */,
				8286312C2989F12000D56889 /* Assets.xcassets */,
				8286312E2989F12000D56889 /* Preview Content */,
			);
			path = KatFacts;
			sourceTree = "<group>";
		};
		8286312E2989F12000D56889 /* Preview Content */ = {
			isa = PBXGroup;
			children = (
				8286312F2989F12000D56889 /* Preview Assets.xcassets */,
			);
			path = "Preview Content";
			sourceTree = "<group>";
		};
		828631382989F12000D56889 /* KatFactsTests */ = {
			isa = PBXGroup;
			children = (
				828631392989F12000D56889 /* KatFactsTests.swift */,
			);
			path = KatFactsTests;
			sourceTree = "<group>";
		};
		828631542989F41100D56889 /* Views */ = {
			isa = PBXGroup;
			children = (
				828631552989F47900D56889 /* ViewModels */,
				8286312A2989F11E00D56889 /* ContentView.swift */,
				828631522989F40500D56889 /* KatView.swift */,
				8281A064298C77BD00E57073 /* SplashView.swift */,
			);
			path = Views;
			sourceTree = "<group>";
		};
		828631552989F47900D56889 /* ViewModels */ = {
			isa = PBXGroup;
			children = (
				828631562989F52500D56889 /* KatViewModel.swift */,
			);
			path = ViewModels;
			sourceTree = "<group>";
		};
		828631582989F68000D56889 /* Services */ = {
			isa = PBXGroup;
			children = (
				828631592989F6B100D56889 /* EndPoint.swift */,
				8286315C298A2E7800D56889 /* KatServerClient.swift */,
			);
			path = Services;
			sourceTree = "<group>";
		};
		8286315B2989F85B00D56889 /* Model */ = {
			isa = PBXGroup;
			children = (
				8281A061298B1F1000E57073 /* CatFact.swift */,
			);
			path = Model;
			sourceTree = "<group>";
		};
/* End PBXGroup section */

/* Begin PBXNativeTarget section */
		828631242989F11E00D56889 /* KatFacts */ = {
			isa = PBXNativeTarget;
			buildConfigurationList = 828631492989F12000D56889 /* Build configuration list for PBXNativeTarget "KatFacts" */;
			buildPhases = (
				828631212989F11E00D56889 /* Sources */,
				828631222989F11E00D56889 /* Frameworks */,
				828631232989F11E00D56889 /* Resources */,
			);
			buildRules = (
			);
			dependencies = (
			);
			name = KatFacts;
			productName = KatFacts;
			productReference = 828631252989F11E00D56889 /* KatFacts.app */;
			productType = "com.apple.product-type.application";
		};
		828631342989F12000D56889 /* KatFactsTests */ = {
			isa = PBXNativeTarget;
			buildConfigurationList = 8286314C2989F12000D56889 /* Build configuration list for PBXNativeTarget "KatFactsTests" */;
			buildPhases = (
				828631312989F12000D56889 /* Sources */,
				828631322989F12000D56889 /* Frameworks */,
				828631332989F12000D56889 /* Resources */,
			);
			buildRules = (
			);
			dependencies = (
				828631372989F12000D56889 /* PBXTargetDependency */,
			);
			name = KatFactsTests;
			productName = KatFactsTests;
			productReference = 828631352989F12000D56889 /* KatFactsTests.xctest */;
			productType = "com.apple.product-type.bundle.unit-test";
		};
		8286313E2989F12000D56889 /* KatFactsUITests */ = {
			isa = PBXNativeTarget;
			buildConfigurationList = 8286314F2989F12000D56889 /* Build configuration list for PBXNativeTarget "KatFactsUITests" */;
			buildPhases = (
				8286313B2989F12000D56889 /* Sources */,
				8286313C2989F12000D56889 /* Frameworks */,
				8286313D2989F12000D56889 /* Resources */,
			);
			buildRules = (
			);
			dependencies = (
				828631412989F12000D56889 /* PBXTargetDependency */,
			);
			name = KatFactsUITests;
			productName = KatFactsUITests;
			productReference = 8286313F2989F12000D56889 /* KatFactsUITests.xctest */;
			productType = "com.apple.product-type.bundle.ui-testing";
		};
/* End PBXNativeTarget section */

/* Begin PBXProject section */
		8286311D2989F11E00D56889 /* Project object */ = {
			isa = PBXProject;
			attributes = {
				BuildIndependentTargetsInParallel = 1;
				LastSwiftUpdateCheck = 1420;
				LastUpgradeCheck = 1420;
				TargetAttributes = {
					828631242989F11E00D56889 = {
						CreatedOnToolsVersion = 14.2;
					};
					828631342989F12000D56889 = {
						CreatedOnToolsVersion = 14.2;
						TestTargetID = 828631242989F11E00D56889;
					};
					8286313E2989F12000D56889 = {
						CreatedOnToolsVersion = 14.2;
						TestTargetID = 828631242989F11E00D56889;
					};
				};
			};
			buildConfigurationList = 828631202989F11E00D56889 /* Build configuration list for PBXProject "KatFacts" */;
			compatibilityVersion = "Xcode 14.0";
			developmentRegion = en;
			hasScannedForEncodings = 0;
			knownRegions = (
				en,
				Base,
			);
			mainGroup = 8286311C2989F11E00D56889;
			productRefGroup = 828631262989F11E00D56889 /* Products */;
			projectDirPath = "";
			projectRoot = "";
			targets = (
				828631242989F11E00D56889 /* KatFacts */,
				828631342989F12000D56889 /* KatFactsTests */,
				8286313E2989F12000D56889 /* KatFactsUITests */,
			);
		};
/* End PBXProject section */

/* Begin PBXResourcesBuildPhase section */
		828631232989F11E00D56889 /* Resources */ = {
			isa = PBXResourcesBuildPhase;
			buildActionMask = 2147483647;
			files = (
				828631302989F12000D56889 /* Preview Assets.xcassets in Resources */,
				8286312D2989F12000D56889 /* Assets.xcassets in Resources */,
			);
			runOnlyForDeploymentPostprocessing = 0;
		};
		828631332989F12000D56889 /* Resources */ = {
			isa = PBXResourcesBuildPhase;
			buildActionMask = 2147483647;
			files = (
			);
			runOnlyForDeploymentPostprocessing = 0;
		};
		8286313D2989F12000D56889 /* Resources */ = {
			isa = PBXResourcesBuildPhase;
			buildActionMask = 2147483647;
			files = (
			);
			runOnlyForDeploymentPostprocessing = 0;
		};
/* End PBXResourcesBuildPhase section */

/* Begin PBXSourcesBuildPhase section */
		828631212989F11E00D56889 /* Sources */ = {
			isa = PBXSourcesBuildPhase;
			buildActionMask = 2147483647;
			files = (
				8286315D298A2E7800D56889 /* KatServerClient.swift in Sources */,
				8281A065298C77BD00E57073 /* SplashView.swift in Sources */,
				8286312B2989F11E00D56889 /* ContentView.swift in Sources */,
				8281A062298B1F1000E57073 /* CatFact.swift in Sources */,
				8286315A2989F6B100D56889 /* EndPoint.swift in Sources */,
				828631572989F52500D56889 /* KatViewModel.swift in Sources */,
				828631532989F40500D56889 /* KatView.swift in Sources */,
				828631292989F11E00D56889 /* KatFactsApp.swift in Sources */,
			);
			runOnlyForDeploymentPostprocessing = 0;
		};
		828631312989F12000D56889 /* Sources */ = {
			isa = PBXSourcesBuildPhase;
			buildActionMask = 2147483647;
			files = (
				8286313A2989F12000D56889 /* KatFactsTests.swift in Sources */,
			);
			runOnlyForDeploymentPostprocessing = 0;
		};
		8286313B2989F12000D56889 /* Sources */ = {
			isa = PBXSourcesBuildPhase;
			buildActionMask = 2147483647;
			files = (
			);
			runOnlyForDeploymentPostprocessing = 0;
		};
/* End PBXSourcesBuildPhase section */

/* Begin PBXTargetDependency section */
		828631372989F12000D56889 /* PBXTargetDependency */ = {
			isa = PBXTargetDependency;
			target = 828631242989F11E00D56889 /* KatFacts */;
			targetProxy = 828631362989F12000D56889 /* PBXContainerItemProxy */;
		};
		828631412989F12000D56889 /* PBXTargetDependency */ = {
			isa = PBXTargetDependency;
			target = 828631242989F11E00D56889 /* KatFacts */;
			targetProxy = 828631402989F12000D56889 /* PBXContainerItemProxy */;
		};
/* End PBXTargetDependency section */

/* Begin XCBuildConfiguration section */
		828631472989F12000D56889 /* Debug */ = {
			isa = XCBuildConfiguration;
			buildSettings = {
				ALWAYS_SEARCH_USER_PATHS = NO;
				CLANG_ANALYZER_NONNULL = YES;
				CLANG_ANALYZER_NUMBER_OBJECT_CONVERSION = YES_AGGRESSIVE;
				CLANG_CXX_LANGUAGE_STANDARD = "gnu++20";
				CLANG_ENABLE_MODULES = YES;
				CLANG_ENABLE_OBJC_ARC = YES;
				CLANG_ENABLE_OBJC_WEAK = YES;
				CLANG_WARN_BLOCK_CAPTURE_AUTORELEASING = YES;
				CLANG_WARN_BOOL_CONVERSION = YES;
				CLANG_WARN_COMMA = YES;
				CLANG_WARN_CONSTANT_CONVERSION = YES;
				CLANG_WARN_DEPRECATED_OBJC_IMPLEMENTATIONS = YES;
				CLANG_WARN_DIRECT_OBJC_ISA_USAGE = YES_ERROR;
				CLANG_WARN_DOCUMENTATION_COMMENTS = YES;
				CLANG_WARN_EMPTY_BODY = YES;
				CLANG_WARN_ENUM_CONVERSION = YES;
				CLANG_WARN_INFINITE_RECURSION = YES;
				CLANG_WARN_INT_CONVERSION = YES;
				CLANG_WARN_NON_LITERAL_NULL_CONVERSION = YES;
				CLANG_WARN_OBJC_IMPLICIT_RETAIN_SELF = YES;
				CLANG_WARN_OBJC_LITERAL_CONVERSION = YES;
				CLANG_WARN_OBJC_ROOT_CLASS = YES_ERROR;
				CLANG_WARN_QUOTED_INCLUDE_IN_FRAMEWORK_HEADER = YES;
				CLANG_WARN_RANGE_LOOP_ANALYSIS = YES;
				CLANG_WARN_STRICT_PROTOTYPES = YES;
				CLANG_WARN_SUSPICIOUS_MOVE = YES;
				CLANG_WARN_UNGUARDED_AVAILABILITY = YES_AGGRESSIVE;
				CLANG_WARN_UNREACHABLE_CODE = YES;
				CLANG_WARN__DUPLICATE_METHOD_MATCH = YES;
				COPY_PHASE_STRIP = NO;
				DEBUG_INFORMATION_FORMAT = dwarf;
				ENABLE_STRICT_OBJC_MSGSEND = YES;
				ENABLE_TESTABILITY = YES;
				GCC_C_LANGUAGE_STANDARD = gnu11;
				GCC_DYNAMIC_NO_PIC = NO;
				GCC_NO_COMMON_BLOCKS = YES;
				GCC_OPTIMIZATION_LEVEL = 0;
				GCC_PREPROCESSOR_DEFINITIONS = (
					"DEBUG=1",
					"$(inherited)",
				);
				GCC_WARN_64_TO_32_BIT_CONVERSION = YES;
				GCC_WARN_ABOUT_RETURN_TYPE = YES_ERROR;
				GCC_WARN_UNDECLARED_SELECTOR = YES;
				GCC_WARN_UNINITIALIZED_AUTOS = YES_AGGRESSIVE;
				GCC_WARN_UNUSED_FUNCTION = YES;
				GCC_WARN_UNUSED_VARIABLE = YES;
				IPHONEOS_DEPLOYMENT_TARGET = 16.2;
				MTL_ENABLE_DEBUG_INFO = INCLUDE_SOURCE;
				MTL_FAST_MATH = YES;
				ONLY_ACTIVE_ARCH = YES;
				SDKROOT = iphoneos;
				SWIFT_ACTIVE_COMPILATION_CONDITIONS = DEBUG;
				SWIFT_OPTIMIZATION_LEVEL = "-Onone";
			};
			name = Debug;
		};
		828631482989F12000D56889 /* Release */ = {
			isa = XCBuildConfiguration;
			buildSettings = {
				ALWAYS_SEARCH_USER_PATHS = NO;
				CLANG_ANALYZER_NONNULL = YES;
				CLANG_ANALYZER_NUMBER_OBJECT_CONVERSION = YES_AGGRESSIVE;
				CLANG_CXX_LANGUAGE_STANDARD = "gnu++20";
				CLANG_ENABLE_MODULES = YES;
				CLANG_ENABLE_OBJC_ARC = YES;
				CLANG_ENABLE_OBJC_WEAK = YES;
				CLANG_WARN_BLOCK_CAPTURE_AUTORELEASING = YES;
				CLANG_WARN_BOOL_CONVERSION = YES;
				CLANG_WARN_COMMA = YES;
				CLANG_WARN_CONSTANT_CONVERSION = YES;
				CLANG_WARN_DEPRECATED_OBJC_IMPLEMENTATIONS = YES;
				CLANG_WARN_DIRECT_OBJC_ISA_USAGE = YES_ERROR;
				CLANG_WARN_DOCUMENTATION_COMMENTS = YES;
				CLANG_WARN_EMPTY_BODY = YES;
				CLANG_WARN_ENUM_CONVERSION = YES;
				CLANG_WARN_INFINITE_RECURSION = YES;
				CLANG_WARN_INT_CONVERSION = YES;
				CLANG_WARN_NON_LITERAL_NULL_CONVERSION = YES;
				CLANG_WARN_OBJC_IMPLICIT_RETAIN_SELF = YES;
				CLANG_WARN_OBJC_LITERAL_CONVERSION = YES;
				CLANG_WARN_OBJC_ROOT_CLASS = YES_ERROR;
				CLANG_WARN_QUOTED_INCLUDE_IN_FRAMEWORK_HEADER = YES;
				CLANG_WARN_RANGE_LOOP_ANALYSIS = YES;
				CLANG_WARN_STRICT_PROTOTYPES = YES;
				CLANG_WARN_SUSPICIOUS_MOVE = YES;
				CLANG_WARN_UNGUARDED_AVAILABILITY = YES_AGGRESSIVE;
				CLANG_WARN_UNREACHABLE_CODE = YES;
				CLANG_WARN__DUPLICATE_METHOD_MATCH = YES;
				COPY_PHASE_STRIP = NO;
				DEBUG_INFORMATION_FORMAT = "dwarf-with-dsym";
				ENABLE_NS_ASSERTIONS = NO;
				ENABLE_STRICT_OBJC_MSGSEND = YES;
				GCC_C_LANGUAGE_STANDARD = gnu11;
				GCC_NO_COMMON_BLOCKS = YES;
				GCC_WARN_64_TO_32_BIT_CONVERSION = YES;
				GCC_WARN_ABOUT_RETURN_TYPE = YES_ERROR;
				GCC_WARN_UNDECLARED_SELECTOR = YES;
				GCC_WARN_UNINITIALIZED_AUTOS = YES_AGGRESSIVE;
				GCC_WARN_UNUSED_FUNCTION = YES;
				GCC_WARN_UNUSED_VARIABLE = YES;
				IPHONEOS_DEPLOYMENT_TARGET = 16.2;
				MTL_ENABLE_DEBUG_INFO = NO;
				MTL_FAST_MATH = YES;
				SDKROOT = iphoneos;
				SWIFT_COMPILATION_MODE = wholemodule;
				SWIFT_OPTIMIZATION_LEVEL = "-O";
				VALIDATE_PRODUCT = YES;
			};
			name = Release;
		};
		8286314A2989F12000D56889 /* Debug */ = {
			isa = XCBuildConfiguration;
			buildSettings = {
				ASSETCATALOG_COMPILER_APPICON_NAME = AppIcon;
				ASSETCATALOG_COMPILER_GLOBAL_ACCENT_COLOR_NAME = AccentColor;
				CODE_SIGN_STYLE = Automatic;
				CURRENT_PROJECT_VERSION = 1;
				DEVELOPMENT_ASSET_PATHS = "\"KatFacts/Preview Content\"";
				DEVELOPMENT_TEAM = CMPB6CK7XT;
				ENABLE_PREVIEWS = YES;
				GENERATE_INFOPLIST_FILE = YES;
				INFOPLIST_FILE = KatFacts/Info.plist;
				INFOPLIST_KEY_UIApplicationSceneManifest_Generation = YES;
				INFOPLIST_KEY_UIApplicationSupportsIndirectInputEvents = YES;
				INFOPLIST_KEY_UILaunchScreen_Generation = YES;
				INFOPLIST_KEY_UISupportedInterfaceOrientations = UIInterfaceOrientationPortrait;
				LD_RUNPATH_SEARCH_PATHS = (
					"$(inherited)",
					"@executable_path/Frameworks",
				);
				MARKETING_VERSION = 1.0;
				PRODUCT_BUNDLE_IDENTIFIER = com.tom.condon.KatFacts;
				PRODUCT_NAME = "$(TARGET_NAME)";
				SUPPORTED_PLATFORMS = "iphoneos iphonesimulator";
				SUPPORTS_MACCATALYST = NO;
				SUPPORTS_MAC_DESIGNED_FOR_IPHONE_IPAD = NO;
				SWIFT_EMIT_LOC_STRINGS = YES;
				SWIFT_VERSION = 5.0;
				TARGETED_DEVICE_FAMILY = 1;
			};
			name = Debug;
		};
		8286314B2989F12000D56889 /* Release */ = {
			isa = XCBuildConfiguration;
			buildSettings = {
				ASSETCATALOG_COMPILER_APPICON_NAME = AppIcon;
				ASSETCATALOG_COMPILER_GLOBAL_ACCENT_COLOR_NAME = AccentColor;
				CODE_SIGN_STYLE = Automatic;
				CURRENT_PROJECT_VERSION = 1;
				DEVELOPMENT_ASSET_PATHS = "\"KatFacts/Preview Content\"";
				DEVELOPMENT_TEAM = CMPB6CK7XT;
				ENABLE_PREVIEWS = YES;
				GENERATE_INFOPLIST_FILE = YES;
				INFOPLIST_FILE = KatFacts/Info.plist;
				INFOPLIST_KEY_UIApplicationSceneManifest_Generation = YES;
				INFOPLIST_KEY_UIApplicationSupportsIndirectInputEvents = YES;
				INFOPLIST_KEY_UILaunchScreen_Generation = YES;
				INFOPLIST_KEY_UISupportedInterfaceOrientations = UIInterfaceOrientationPortrait;
				LD_RUNPATH_SEARCH_PATHS = (
					"$(inherited)",
					"@executable_path/Frameworks",
				);
				MARKETING_VERSION = 1.0;
				PRODUCT_BUNDLE_IDENTIFIER = com.tom.condon.KatFacts;
				PRODUCT_NAME = "$(TARGET_NAME)";
				SUPPORTED_PLATFORMS = "iphoneos iphonesimulator";
				SUPPORTS_MACCATALYST = NO;
				SUPPORTS_MAC_DESIGNED_FOR_IPHONE_IPAD = NO;
				SWIFT_EMIT_LOC_STRINGS = YES;
				SWIFT_VERSION = 5.0;
				TARGETED_DEVICE_FAMILY = 1;
			};
			name = Release;
		};
		8286314D2989F12000D56889 /* Debug */ = {
			isa = XCBuildConfiguration;
			buildSettings = {
				ALWAYS_EMBED_SWIFT_STANDARD_LIBRARIES = YES;
				BUNDLE_LOADER = "$(TEST_HOST)";
				CODE_SIGN_STYLE = Automatic;
				CURRENT_PROJECT_VERSION = 1;
				DEVELOPMENT_TEAM = LB69H5W3HZ;
				GENERATE_INFOPLIST_FILE = YES;
				IPHONEOS_DEPLOYMENT_TARGET = 16.2;
				MARKETING_VERSION = 1.0;
				PRODUCT_BUNDLE_IDENTIFIER = com.tom.condon.KatFactsTests;
				PRODUCT_NAME = "$(TARGET_NAME)";
				SWIFT_EMIT_LOC_STRINGS = NO;
				SWIFT_VERSION = 5.0;
				TARGETED_DEVICE_FAMILY = "1,2";
				TEST_HOST = "$(BUILT_PRODUCTS_DIR)/KatFacts.app/$(BUNDLE_EXECUTABLE_FOLDER_PATH)/KatFacts";
			};
			name = Debug;
		};
		8286314E2989F12000D56889 /* Release */ = {
			isa = XCBuildConfiguration;
			buildSettings = {
				ALWAYS_EMBED_SWIFT_STANDARD_LIBRARIES = YES;
				BUNDLE_LOADER = "$(TEST_HOST)";
				CODE_SIGN_STYLE = Automatic;
				CURRENT_PROJECT_VERSION = 1;
				DEVELOPMENT_TEAM = LB69H5W3HZ;
				GENERATE_INFOPLIST_FILE = YES;
				IPHONEOS_DEPLOYMENT_TARGET = 16.2;
				MARKETING_VERSION = 1.0;
				PRODUCT_BUNDLE_IDENTIFIER = com.tom.condon.KatFactsTests;
				PRODUCT_NAME = "$(TARGET_NAME)";
				SWIFT_EMIT_LOC_STRINGS = NO;
				SWIFT_VERSION = 5.0;
				TARGETED_DEVICE_FAMILY = "1,2";
				TEST_HOST = "$(BUILT_PRODUCTS_DIR)/KatFacts.app/$(BUNDLE_EXECUTABLE_FOLDER_PATH)/KatFacts";
			};
			name = Release;
		};
		828631502989F12000D56889 /* Debug */ = {
			isa = XCBuildConfiguration;
			buildSettings = {
				ALWAYS_EMBED_SWIFT_STANDARD_LIBRARIES = YES;
				CODE_SIGN_STYLE = Automatic;
				CURRENT_PROJECT_VERSION = 1;
				DEVELOPMENT_TEAM = CMPB6CK7XT;
				GENERATE_INFOPLIST_FILE = YES;
				MARKETING_VERSION = 1.0;
				PRODUCT_BUNDLE_IDENTIFIER = com.tom.condon.KatFactsUITests;
				PRODUCT_NAME = "$(TARGET_NAME)";
				SWIFT_EMIT_LOC_STRINGS = NO;
				SWIFT_VERSION = 5.0;
				TARGETED_DEVICE_FAMILY = "1,2";
				TEST_TARGET_NAME = KatFacts;
			};
			name = Debug;
		};
		828631512989F12000D56889 /* Release */ = {
			isa = XCBuildConfiguration;
			buildSettings = {
				ALWAYS_EMBED_SWIFT_STANDARD_LIBRARIES = YES;
				CODE_SIGN_STYLE = Automatic;
				CURRENT_PROJECT_VERSION = 1;
				DEVELOPMENT_TEAM = CMPB6CK7XT;
				GENERATE_INFOPLIST_FILE = YES;
				MARKETING_VERSION = 1.0;
				PRODUCT_BUNDLE_IDENTIFIER = com.tom.condon.KatFactsUITests;
				PRODUCT_NAME = "$(TARGET_NAME)";
				SWIFT_EMIT_LOC_STRINGS = NO;
				SWIFT_VERSION = 5.0;
				TARGETED_DEVICE_FAMILY = "1,2";
				TEST_TARGET_NAME = KatFacts;
			};
			name = Release;
		};
/* End XCBuildConfiguration section */

/* Begin XCConfigurationList section */
		828631202989F11E00D56889 /* Build configuration list for PBXProject "KatFacts" */ = {
			isa = XCConfigurationList;
			buildConfigurations = (
				828631472989F12000D56889 /* Debug */,
				828631482989F12000D56889 /* Release */,
			);
			defaultConfigurationIsVisible = 0;
			defaultConfigurationName = Release;
		};
		828631492989F12000D56889 /* Build configuration list for PBXNativeTarget "KatFacts" */ = {
			isa = XCConfigurationList;
			buildConfigurations = (
				8286314A2989F12000D56889 /* Debug */,
				8286314B2989F12000D56889 /* Release */,
			);
			defaultConfigurationIsVisible = 0;
			defaultConfigurationName = Release;
		};
		8286314C2989F12000D56889 /* Build configuration list for PBXNativeTarget "KatFactsTests" */ = {
			isa = XCConfigurationList;
			buildConfigurations = (
				8286314D2989F12000D56889 /* Debug */,
				8286314E2989F12000D56889 /* Release */,
			);
			defaultConfigurationIsVisible = 0;
			defaultConfigurationName = Release;
		};
		8286314F2989F12000D56889 /* Build configuration list for PBXNativeTarget "KatFactsUITests" */ = {
			isa = XCConfigurationList;
			buildConfigurations = (
				828631502989F12000D56889 /* Debug */,
				828631512989F12000D56889 /* Release */,
			);
			defaultConfigurationIsVisible = 0;
			defaultConfigurationName = Release;
		};
/* End XCConfigurationList section */
	};
	rootObject = 8286311D2989F11E00D56889 /* Project object */;
}
